# This file is generated by running "yarn install" inside your project.
# Manual changes might be lost - proceed with caution!

__metadata:
  version: 6
  cacheKey: 8

"husky@npm:^8.0.1":
  version: 8.0.1
  resolution: "husky@npm:8.0.1"
  bin:
    husky: lib/bin.js
  checksum: 943a73a13d0201318fd30e83d299bb81d866bd245b69e6277804c3b462638dc1921694cb94c2b8c920a4a187060f7d6058d3365152865406352e934c5fff70dc
  languageName: node
  linkType: hard

"parisn@workspace:.":
  version: 0.0.0-use.local
  resolution: "parisn@workspace:."
  dependencies:
    husky: ^8.0.1
  languageName: unknown
  linkType: soft
